
Microsoft Visual Studio Solution File, Format Version 12.00
# Visual Studio Version 17
VisualStudioVersion = 17.1.32421.90
MinimumVisualStudioVersion = 10.0.40219.1
Project("{FAE04EC0-301F-11D3-BF4B-00C04F79EFBC}") = "WellnessApp.UWP", "WellnessApp\WellnessApp.UWP\WellnessApp.UWP.csproj", "{6DE7102E-B5C0-4AB6-A455-76363C699916}"
EndProject
Project("{FAE04EC0-301F-11D3-BF4B-00C04F79EFBC}") = "WellnessApp.Android", "WellnessApp\WellnessApp.Android\WellnessApp.Android.csproj", "{F984E1FE-117A-46B7-ABAB-FF6A7FCC59A9}"
EndProject
Project("{FAE04EC0-301F-11D3-BF4B-00C04F79EFBC}") = "WellnessApp.iOS", "WellnessApp\WellnessApp.iOS\WellnessApp.iOS.csproj", "{7BC239CF-08D4-4982-B38B-D9945048AEF5}"
EndProject
Project("{FAE04EC0-301F-11D3-BF4B-00C04F79EFBC}") = "WellnessApp", "WellnessApp\WellnessApp\WellnessApp.csproj", "{0B21A27F-4D53-4DA1-8912-B64E44D9E47B}"
EndProject
Global
	GlobalSection(SolutionConfigurationPlatforms) = preSolution
		Debug|Any CPU = Debug|Any CPU
		Debug|ARM = Debug|ARM
		Debug|iPhone = Debug|iPhone
		Debug|iPhoneSimulator = Debug|iPhoneSimulator
		Debug|x64 = Debug|x64
		Debug|x86 = Debug|x86
		Release|Any CPU = Release|Any CPU
		Release|ARM = Release|ARM
		Release|iPhone = Release|iPhone
		Release|iPhoneSimulator = Release|iPhoneSimulator
		Release|x64 = Release|x64
		Release|x86 = Release|x86
	EndGlobalSection
	GlobalSection(ProjectConfigurationPlatforms) = postSolution
		{6DE7102E-B5C0-4AB6-A455-76363C699916}.Debug|Any CPU.ActiveCfg = Debug|x64
		{6DE7102E-B5C0-4AB6-A455-76363C699916}.Debug|Any CPU.Build.0 = Debug|x64
		{6DE7102E-B5C0-4AB6-A455-76363C699916}.Debug|Any CPU.Deploy.0 = Debug|x64
		{6DE7102E-B5C0-4AB6-A455-76363C699916}.Debug|ARM.ActiveCfg = Debug|ARM
		{6DE7102E-B5C0-4AB6-A455-76363C699916}.Debug|ARM.Build.0 = Debug|ARM
		{6DE7102E-B5C0-4AB6-A455-76363C699916}.Debug|ARM.Deploy.0 = Debug|ARM
		{6DE7102E-B5C0-4AB6-A455-76363C699916}.Debug|iPhone.ActiveCfg = Debug|x64
		{6DE7102E-B5C0-4AB6-A455-76363C699916}.Debug|iPhone.Build.0 = Debug|x64
		{6DE7102E-B5C0-4AB6-A455-76363C699916}.Debug|iPhone.Deploy.0 = Debug|x64
		{6DE7102E-B5C0-4AB6-A455-76363C699916}.Debug|iPhoneSimulator.ActiveCfg = Debug|x64
		{6DE7102E-B5C0-4AB6-A455-76363C699916}.Debug|iPhoneSimulator.Build.0 = Debug|x64
		{6DE7102E-B5C0-4AB6-A455-76363C699916}.Debug|iPhoneSimulator.Deploy.0 = Debug|x64
		{6DE7102E-B5C0-4AB6-A455-76363C699916}.Debug|x64.ActiveCfg = Debug|x64
		{6DE7102E-B5C0-4AB6-A455-76363C699916}.Debug|x64.Build.0 = Debug|x64
		{6DE7102E-B5C0-4AB6-A455-76363C699916}.Debug|x64.Deploy.0 = Debug|x64
		{6DE7102E-B5C0-4AB6-A455-76363C699916}.Debug|x86.ActiveCfg = Debug|x86
		{6DE7102E-B5C0-4AB6-A455-76363C699916}.Debug|x86.Build.0 = Debug|x86
		{6DE7102E-B5C0-4AB6-A455-76363C699916}.Debug|x86.Deploy.0 = Debug|x86
		{6DE7102E-B5C0-4AB6-A455-76363C699916}.Release|Any CPU.ActiveCfg = Release|x64
		{6DE7102E-B5C0-4AB6-A455-76363C699916}.Release|Any CPU.Build.0 = Release|x64
		{6DE7102E-B5C0-4AB6-A455-76363C699916}.Release|Any CPU.Deploy.0 = Release|x64
		{6DE7102E-B5C0-4AB6-A455-76363C699916}.Release|ARM.ActiveCfg = Release|ARM
		{6DE7102E-B5C0-4AB6-A455-76363C699916}.Release|ARM.Build.0 = Release|ARM
		{6DE7102E-B5C0-4AB6-A455-76363C699916}.Release|ARM.Deploy.0 = Release|ARM
		{6DE7102E-B5C0-4AB6-A455-76363C699916}.Release|iPhone.ActiveCfg = Release|x64
		{6DE7102E-B5C0-4AB6-A455-76363C699916}.Release|iPhone.Build.0 = Release|x64
		{6DE7102E-B5C0-4AB6-A455-76363C699916}.Release|iPhone.Deploy.0 = Release|x64
		{6DE7102E-B5C0-4AB6-A455-76363C699916}.Release|iPhoneSimulator.ActiveCfg = Release|x64
		{6DE7102E-B5C0-4AB6-A455-76363C699916}.Release|iPhoneSimulator.Build.0 = Release|x64
		{6DE7102E-B5C0-4AB6-A455-76363C699916}.Release|iPhoneSimulator.Deploy.0 = Release|x64
		{6DE7102E-B5C0-4AB6-A455-76363C699916}.Release|x64.ActiveCfg = Release|x64
		{6DE7102E-B5C0-4AB6-A455-76363C699916}.Release|x64.Build.0 = Release|x64
		{6DE7102E-B5C0-4AB6-A455-76363C699916}.Release|x64.Deploy.0 = Release|x64
		{6DE7102E-B5C0-4AB6-A455-76363C699916}.Release|x86.ActiveCfg = Release|x86
		{6DE7102E-B5C0-4AB6-A455-76363C699916}.Release|x86.Build.0 = Release|x86
		{6DE7102E-B5C0-4AB6-A455-76363C699916}.Release|x86.Deploy.0 = Release|x86
		{F984E1FE-117A-46B7-ABAB-FF6A7FCC59A9}.Debug|Any CPU.ActiveCfg = Debug|Any CPU
		{F984E1FE-117A-46B7-ABAB-FF6A7FCC59A9}.Debug|Any CPU.Build.0 = Debug|Any CPU
		{F984E1FE-117A-46B7-ABAB-FF6A7FCC59A9}.Debug|Any CPU.Deploy.0 = Debug|Any CPU
		{F984E1FE-117A-46B7-ABAB-FF6A7FCC59A9}.Debug|ARM.ActiveCfg = Debug|Any CPU
		{F984E1FE-117A-46B7-ABAB-FF6A7FCC59A9}.Debug|ARM.Build.0 = Debug|Any CPU
		{F984E1FE-117A-46B7-ABAB-FF6A7FCC59A9}.Debug|ARM.Deploy.0 = Debug|Any CPU
		{F984E1FE-117A-46B7-ABAB-FF6A7FCC59A9}.Debug|iPhone.ActiveCfg = Debug|Any CPU
		{F984E1FE-117A-46B7-ABAB-FF6A7FCC59A9}.Debug|iPhone.Build.0 = Debug|Any CPU
		{F984E1FE-117A-46B7-ABAB-FF6A7FCC59A9}.Debug|iPhone.Deploy.0 = Debug|Any CPU
		{F984E1FE-117A-46B7-ABAB-FF6A7FCC59A9}.Debug|iPhoneSimulator.ActiveCfg = Debug|Any CPU
		{F984E1FE-117A-46B7-ABAB-FF6A7FCC59A9}.Debug|iPhoneSimulator.Build.0 = Debug|Any CPU
		{F984E1FE-117A-46B7-ABAB-FF6A7FCC59A9}.Debug|iPhoneSimulator.Deploy.0 = Debug|Any CPU
		{F984E1FE-117A-46B7-ABAB-FF6A7FCC59A9}.Debug|x64.ActiveCfg = Debug|Any CPU
		{F984E1FE-117A-46B7-ABAB-FF6A7FCC59A9}.Debug|x64.Build.0 = Debug|Any CPU
		{F984E1FE-117A-46B7-ABAB-FF6A7FCC59A9}.Debug|x64.Deploy.0 = Debug|Any CPU
		{F984E1FE-117A-46B7-ABAB-FF6A7FCC59A9}.Debug|x86.ActiveCfg = Debug|Any CPU
		{F984E1FE-117A-46B7-ABAB-FF6A7FCC59A9}.Debug|x86.Build.0 = Debug|Any CPU
		{F984E1FE-117A-46B7-ABAB-FF6A7FCC59A9}.Debug|x86.Deploy.0 = Debug|Any CPU
		{F984E1FE-117A-46B7-ABAB-FF6A7FCC59A9}.Release|Any CPU.ActiveCfg = Release|Any CPU
		{F984E1FE-117A-46B7-ABAB-FF6A7FCC59A9}.Release|Any CPU.Build.0 = Release|Any CPU
		{F984E1FE-117A-46B7-ABAB-FF6A7FCC59A9}.Release|Any CPU.Deploy.0 = Release|Any CPU
		{F984E1FE-117A-46B7-ABAB-FF6A7FCC59A9}.Release|ARM.ActiveCfg = Release|Any CPU
		{F984E1FE-117A-46B7-ABAB-FF6A7FCC59A9}.Release|ARM.Build.0 = Release|Any CPU
		{F984E1FE-117A-46B7-ABAB-FF6A7FCC59A9}.Release|ARM.Deploy.0 = Release|Any CPU
		{F984E1FE-117A-46B7-ABAB-FF6A7FCC59A9}.Release|iPhone.ActiveCfg = Release|Any CPU
		{F984E1FE-117A-46B7-ABAB-FF6A7FCC59A9}.Release|iPhone.Build.0 = Release|Any CPU
		{F984E1FE-117A-46B7-ABAB-FF6A7FCC59A9}.Release|iPhone.Deploy.0 = Release|Any CPU
		{F984E1FE-117A-46B7-ABAB-FF6A7FCC59A9}.Release|iPhoneSimulator.ActiveCfg = Release|Any CPU
		{F984E1FE-117A-46B7-ABAB-FF6A7FCC59A9}.Release|iPhoneSimulator.Build.0 = Release|Any CPU
		{F984E1FE-117A-46B7-ABAB-FF6A7FCC59A9}.Release|iPhoneSimulator.Deploy.0 = Release|Any CPU
		{F984E1FE-117A-46B7-ABAB-FF6A7FCC59A9}.Release|x64.ActiveCfg = Release|Any CPU
		{F984E1FE-117A-46B7-ABAB-FF6A7FCC59A9}.Release|x64.Build.0 = Release|Any CPU
		{F984E1FE-117A-46B7-ABAB-FF6A7FCC59A9}.Release|x64.Deploy.0 = Release|Any CPU
		{F984E1FE-117A-46B7-ABAB-FF6A7FCC59A9}.Release|x86.ActiveCfg = Release|Any CPU
		{F984E1FE-117A-46B7-ABAB-FF6A7FCC59A9}.Release|x86.Build.0 = Release|Any CPU
		{F984E1FE-117A-46B7-ABAB-FF6A7FCC59A9}.Release|x86.Deploy.0 = Release|Any CPU
		{7BC239CF-08D4-4982-B38B-D9945048AEF5}.Debug|Any CPU.ActiveCfg = Debug|iPhoneSimulator
		{7BC239CF-08D4-4982-B38B-D9945048AEF5}.Debug|Any CPU.Build.0 = Debug|iPhoneSimulator
		{7BC239CF-08D4-4982-B38B-D9945048AEF5}.Debug|Any CPU.Deploy.0 = Debug|iPhoneSimulator
		{7BC239CF-08D4-4982-B38B-D9945048AEF5}.Debug|ARM.ActiveCfg = Debug|iPhoneSimulator
		{7BC239CF-08D4-4982-B38B-D9945048AEF5}.Debug|ARM.Build.0 = Debug|iPhoneSimulator
		{7BC239CF-08D4-4982-B38B-D9945048AEF5}.Debug|ARM.Deploy.0 = Debug|iPhoneSimulator
		{7BC239CF-08D4-4982-B38B-D9945048AEF5}.Debug|iPhone.ActiveCfg = Debug|iPhone
		{7BC239CF-08D4-4982-B38B-D9945048AEF5}.Debug|iPhone.Build.0 = Debug|iPhone
		{7BC239CF-08D4-4982-B38B-D9945048AEF5}.Debug|iPhone.Deploy.0 = Debug|iPhone
		{7BC239CF-08D4-4982-B38B-D9945048AEF5}.Debug|iPhoneSimulator.ActiveCfg = Debug|iPhoneSimulator
		{7BC239CF-08D4-4982-B38B-D9945048AEF5}.Debug|iPhoneSimulator.Build.0 = Debug|iPhoneSimulator
		{7BC239CF-08D4-4982-B38B-D9945048AEF5}.Debug|iPhoneSimulator.Deploy.0 = Debug|iPhoneSimulator
		{7BC239CF-08D4-4982-B38B-D9945048AEF5}.Debug|x64.ActiveCfg = Debug|iPhone
		{7BC239CF-08D4-4982-B38B-D9945048AEF5}.Debug|x64.Build.0 = Debug|iPhone
		{7BC239CF-08D4-4982-B38B-D9945048AEF5}.Debug|x64.Deploy.0 = Debug|iPhone
		{7BC239CF-08D4-4982-B38B-D9945048AEF5}.Debug|x86.ActiveCfg = Debug|iPhoneSimulator
		{7BC239CF-08D4-4982-B38B-D9945048AEF5}.Debug|x86.Build.0 = Debug|iPhoneSimulator
		{7BC239CF-08D4-4982-B38B-D9945048AEF5}.Debug|x86.Deploy.0 = Debug|iPhoneSimulator
		{7BC239CF-08D4-4982-B38B-D9945048AEF5}.Release|Any CPU.ActiveCfg = Release|iPhoneSimulator
		{7BC239CF-08D4-4982-B38B-D9945048AEF5}.Release|Any CPU.Build.0 = Release|iPhoneSimulator
		{7BC239CF-08D4-4982-B38B-D9945048AEF5}.Release|Any CPU.Deploy.0 = Release|iPhoneSimulator
		{7BC239CF-08D4-4982-B38B-D9945048AEF5}.Release|ARM.ActiveCfg = Release|iPhoneSimulator
		{7BC239CF-08D4-4982-B38B-D9945048AEF5}.Release|ARM.Build.0 = Release|iPhoneSimulator
		{7BC239CF-08D4-4982-B38B-D9945048AEF5}.Release|ARM.Deploy.0 = Release|iPhoneSimulator
		{7BC239CF-08D4-4982-B38B-D9945048AEF5}.Release|iPhone.ActiveCfg = Release|iPhone
		{7BC239CF-08D4-4982-B38B-D9945048AEF5}.Release|iPhone.Build.0 = Release|iPhone
		{7BC239CF-08D4-4982-B38B-D9945048AEF5}.Release|iPhone.Deploy.0 = Release|iPhone
		{7BC239CF-08D4-4982-B38B-D9945048AEF5}.Release|iPhoneSimulator.ActiveCfg = Release|iPhoneSimulator
		{7BC239CF-08D4-4982-B38B-D9945048AEF5}.Release|iPhoneSimulator.Build.0 = Release|iPhoneSimulator
		{7BC239CF-08D4-4982-B38B-D9945048AEF5}.Release|iPhoneSimulator.Deploy.0 = Release|iPhoneSimulator
		{7BC239CF-08D4-4982-B38B-D9945048AEF5}.Release|x64.ActiveCfg = Release|iPhoneSimulator
		{7BC239CF-08D4-4982-B38B-D9945048AEF5}.Release|x64.Build.0 = Release|iPhoneSimulator
		{7BC239CF-08D4-4982-B38B-D9945048AEF5}.Release|x64.Deploy.0 = Release|iPhoneSimulator
		{7BC239CF-08D4-4982-B38B-D9945048AEF5}.Release|x86.ActiveCfg = Release|iPhoneSimulator
		{7BC239CF-08D4-4982-B38B-D9945048AEF5}.Release|x86.Build.0 = Release|iPhoneSimulator
		{7BC239CF-08D4-4982-B38B-D9945048AEF5}.Release|x86.Deploy.0 = Release|iPhoneSimulator
		{0B21A27F-4D53-4DA1-8912-B64E44D9E47B}.Debug|Any CPU.ActiveCfg = Debug|Any CPU
		{0B21A27F-4D53-4DA1-8912-B64E44D9E47B}.Debug|Any CPU.Build.0 = Debug|Any CPU
		{0B21A27F-4D53-4DA1-8912-B64E44D9E47B}.Debug|Any CPU.Deploy.0 = Debug|Any CPU
		{0B21A27F-4D53-4DA1-8912-B64E44D9E47B}.Debug|ARM.ActiveCfg = Debug|Any CPU
		{0B21A27F-4D53-4DA1-8912-B64E44D9E47B}.Debug|ARM.Build.0 = Debug|Any CPU
		{0B21A27F-4D53-4DA1-8912-B64E44D9E47B}.Debug|ARM.Deploy.0 = Debug|Any CPU
		{0B21A27F-4D53-4DA1-8912-B64E44D9E47B}.Debug|iPhone.ActiveCfg = Debug|Any CPU
		{0B21A27F-4D53-4DA1-8912-B64E44D9E47B}.Debug|iPhone.Build.0 = Debug|Any CPU
		{0B21A27F-4D53-4DA1-8912-B64E44D9E47B}.Debug|iPhone.Deploy.0 = Debug|Any CPU
		{0B21A27F-4D53-4DA1-8912-B64E44D9E47B}.Debug|iPhoneSimulator.ActiveCfg = Debug|Any CPU
		{0B21A27F-4D53-4DA1-8912-B64E44D9E47B}.Debug|iPhoneSimulator.Build.0 = Debug|Any CPU
		{0B21A27F-4D53-4DA1-8912-B64E44D9E47B}.Debug|iPhoneSimulator.Deploy.0 = Debug|Any CPU
		{0B21A27F-4D53-4DA1-8912-B64E44D9E47B}.Debug|x64.ActiveCfg = Debug|Any CPU
		{0B21A27F-4D53-4DA1-8912-B64E44D9E47B}.Debug|x64.Build.0 = Debug|Any CPU
		{0B21A27F-4D53-4DA1-8912-B64E44D9E47B}.Debug|x64.Deploy.0 = Debug|Any CPU
		{0B21A27F-4D53-4DA1-8912-B64E44D9E47B}.Debug|x86.ActiveCfg = Debug|Any CPU
		{0B21A27F-4D53-4DA1-8912-B64E44D9E47B}.Debug|x86.Build.0 = Debug|Any CPU
		{0B21A27F-4D53-4DA1-8912-B64E44D9E47B}.Debug|x86.Deploy.0 = Debug|Any CPU
		{0B21A27F-4D53-4DA1-8912-B64E44D9E47B}.Release|Any CPU.ActiveCfg = Release|Any CPU
		{0B21A27F-4D53-4DA1-8912-B64E44D9E47B}.Release|Any CPU.Build.0 = Release|Any CPU
		{0B21A27F-4D53-4DA1-8912-B64E44D9E47B}.Release|Any CPU.Deploy.0 = Release|Any CPU
		{0B21A27F-4D53-4DA1-8912-B64E44D9E47B}.Release|ARM.ActiveCfg = Release|Any CPU
		{0B21A27F-4D53-4DA1-8912-B64E44D9E47B}.Release|ARM.Build.0 = Release|Any CPU
		{0B21A27F-4D53-4DA1-8912-B64E44D9E47B}.Release|ARM.Deploy.0 = Release|Any CPU
		{0B21A27F-4D53-4DA1-8912-B64E44D9E47B}.Release|iPhone.ActiveCfg = Release|Any CPU
		{0B21A27F-4D53-4DA1-8912-B64E44D9E47B}.Release|iPhone.Build.0 = Release|Any CPU
		{0B21A27F-4D53-4DA1-8912-B64E44D9E47B}.Release|iPhone.Deploy.0 = Release|Any CPU
		{0B21A27F-4D53-4DA1-8912-B64E44D9E47B}.Release|iPhoneSimulator.ActiveCfg = Release|Any CPU
		{0B21A27F-4D53-4DA1-8912-B64E44D9E47B}.Release|iPhoneSimulator.Build.0 = Release|Any CPU
		{0B21A27F-4D53-4DA1-8912-B64E44D9E47B}.Release|iPhoneSimulator.Deploy.0 = Release|Any CPU
		{0B21A27F-4D53-4DA1-8912-B64E44D9E47B}.Release|x64.ActiveCfg = Release|Any CPU
		{0B21A27F-4D53-4DA1-8912-B64E44D9E47B}.Release|x64.Build.0 = Release|Any CPU
		{0B21A27F-4D53-4DA1-8912-B64E44D9E47B}.Release|x64.Deploy.0 = Release|Any CPU
		{0B21A27F-4D53-4DA1-8912-B64E44D9E47B}.Release|x86.ActiveCfg = Release|Any CPU
		{0B21A27F-4D53-4DA1-8912-B64E44D9E47B}.Release|x86.Build.0 = Release|Any CPU
		{0B21A27F-4D53-4DA1-8912-B64E44D9E47B}.Release|x86.Deploy.0 = Release|Any CPU
	EndGlobalSection
	GlobalSection(SolutionProperties) = preSolution
		HideSolutionNode = FALSE
	EndGlobalSection
	GlobalSection(ExtensibilityGlobals) = postSolution
		SolutionGuid = {89F2E4C6-3361-4922-AD41-770253E8D1B2}
	EndGlobalSection
EndGlobal
